PODS:
  - IQKeyboardManager (5.0.0)
  - SVProgressHUD (2.2.1)

DEPENDENCIES:
  - IQKeyboardManager
  - SVProgressHUD

SPEC REPOS:
  https://github.com/CocoaPods/Specs.git:
    - IQKeyboardManager
    - SVProgressHUD

SPEC CHECKSUMS:
  IQKeyboardManager: 5edc5bcd5cd3e6982924e6318b82c57099eb0a6c
  SVProgressHUD: db27c54e6e18bc903341661fc9feb55e04905cc4

PODFILE CHECKSUM: db45551c32bd41bc4d0180d2ba6c5255e0ca4326

COCOAPODS: 1.5.0
