// !$*UTF8*$!
{
	archiveVersion = 1;
	classes = {
	};
	objectVersion = 48;
	objects = {

/* Begin PBXBuildFile section */
		142D7BAB2B0D429901258103 /* libPods-GSMSmoke.a in Frameworks */ = {isa = PBXBuildFile; fileRef = 0AE8029C302FD2905D68B2FE /* libPods-GSMSmoke.a */; };
		BF3ABE0C20B64FE900413F65 /* AppDelegate.m in Sources */ = {isa = PBXBuildFile; fileRef = BF3ABE0B20B64FE900413F65 /* AppDelegate.m */; };
		BF3ABE1220B64FE900413F65 /* Main.storyboard in Resources */ = {isa = PBXBuildFile; fileRef = BF3ABE1020B64FE900413F65 /* Main.storyboard */; };
		BF3ABE1420B64FE900413F65 /* Assets.xcassets in Resources */ = {isa = PBXBuildFile; fileRef = BF3ABE1320B64FE900413F65 /* Assets.xcassets */; };
		BF3ABE1720B64FE900413F65 /* LaunchScreen.storyboard in Resources */ = {isa = PBXBuildFile; fileRef = BF3ABE1520B64FE900413F65 /* LaunchScreen.storyboard */; };
		BF3ABE1A20B64FE900413F65 /* main.m in Sources */ = {isa = PBXBuildFile; fileRef = BF3ABE1920B64FE900413F65 /* main.m */; };
		BF4B303720BCCA530039C822 /* BLUtil.m in Sources */ = {isa = PBXBuildFile; fileRef = BF4B303620BCCA530039C822 /* BLUtil.m */; };
		BF6266FE20B76AC800B4CB28 /* BLBaseVC.m in Sources */ = {isa = PBXBuildFile; fileRef = BF6266FD20B76AC800B4CB28 /* BLBaseVC.m */; };
		BF62670220B76C4300B4CB28 /* BLHomeVC.m in Sources */ = {isa = PBXBuildFile; fileRef = BF62670020B76C4300B4CB28 /* BLHomeVC.m */; };
		BF62671320B76E1700B4CB28 /* BLHomeCell.m in Sources */ = {isa = PBXBuildFile; fileRef = BF62671120B76E1700B4CB28 /* BLHomeCell.m */; };
		BF62671420B76E1700B4CB28 /* BLHomeCell.xib in Resources */ = {isa = PBXBuildFile; fileRef = BF62671220B76E1700B4CB28 /* BLHomeCell.xib */; };
		BF62671820B7711100B4CB28 /* BLAddUserVC.m in Sources */ = {isa = PBXBuildFile; fileRef = BF62671620B7711100B4CB28 /* BLAddUserVC.m */; };
		BF62671920B7711100B4CB28 /* BLAddUserVC.xib in Resources */ = {isa = PBXBuildFile; fileRef = BF62671720B7711100B4CB28 /* BLAddUserVC.xib */; };
		BF62671D20B77D6600B4CB28 /* BLControlVC.m in Sources */ = {isa = PBXBuildFile; fileRef = BF62671B20B77D6600B4CB28 /* BLControlVC.m */; };
		BF62671E20B77D6600B4CB28 /* BLControlVC.xib in Resources */ = {isa = PBXBuildFile; fileRef = BF62671C20B77D6600B4CB28 /* BLControlVC.xib */; };
		BF62672120B77DEF00B4CB28 /* BLUserModel.m in Sources */ = {isa = PBXBuildFile; fileRef = BF62672020B77DEF00B4CB28 /* BLUserModel.m */; };
		BF62672520B7858000B4CB28 /* BLSeacrhVC.m in Sources */ = {isa = PBXBuildFile; fileRef = BF62672320B7858000B4CB28 /* BLSeacrhVC.m */; };
		BF62672620B7858000B4CB28 /* BLSeacrhVC.xib in Resources */ = {isa = PBXBuildFile; fileRef = BF62672420B7858000B4CB28 /* BLSeacrhVC.xib */; };
		BF62672A20B7859E00B4CB28 /* BLSettingVC.m in Sources */ = {isa = PBXBuildFile; fileRef = BF62672820B7859E00B4CB28 /* BLSettingVC.m */; };
		BF62672B20B7859E00B4CB28 /* BLSettingVC.xib in Resources */ = {isa = PBXBuildFile; fileRef = BF62672920B7859E00B4CB28 /* BLSettingVC.xib */; };
		BF62672F20B78B2F00B4CB28 /* BLSeachCell.m in Sources */ = {isa = PBXBuildFile; fileRef = BF62672D20B78B2F00B4CB28 /* BLSeachCell.m */; };
		BF62673020B78B2F00B4CB28 /* BLSeachCell.xib in Resources */ = {isa = PBXBuildFile; fileRef = BF62672E20B78B2F00B4CB28 /* BLSeachCell.xib */; };
		BF7639A520B8717E00FBF18F /* BLSmsAlarmVC.m in Sources */ = {isa = PBXBuildFile; fileRef = BF7639A320B8717E00FBF18F /* BLSmsAlarmVC.m */; };
		BF7639A620B8717E00FBF18F /* BLSmsAlarmVC.xib in Resources */ = {isa = PBXBuildFile; fileRef = BF7639A420B8717E00FBF18F /* BLSmsAlarmVC.xib */; };
		BF7639AE20B879A500FBF18F /* BLSwitchVC.m in Sources */ = {isa = PBXBuildFile; fileRef = BF7639AC20B879A400FBF18F /* BLSwitchVC.m */; };
		BF7639AF20B879A500FBF18F /* BLSwitchVC.xib in Resources */ = {isa = PBXBuildFile; fileRef = BF7639AD20B879A400FBF18F /* BLSwitchVC.xib */; };
		BF7639B320B87CBD00FBF18F /* BLSwitchCell.m in Sources */ = {isa = PBXBuildFile; fileRef = BF7639B120B87CBD00FBF18F /* BLSwitchCell.m */; };
		BF7639B420B87CBD00FBF18F /* BLSwitchCell.xib in Resources */ = {isa = PBXBuildFile; fileRef = BF7639B220B87CBD00FBF18F /* BLSwitchCell.xib */; };
		BF7639B820B87FB800FBF18F /* BLFunctionVC.m in Sources */ = {isa = PBXBuildFile; fileRef = BF7639B620B87FB800FBF18F /* BLFunctionVC.m */; };
		BF7639B920B87FB800FBF18F /* BLFunctionVC.xib in Resources */ = {isa = PBXBuildFile; fileRef = BF7639B720B87FB800FBF18F /* BLFunctionVC.xib */; };
		BF7639BD20B881DD00FBF18F /* BLSettingCell.m in Sources */ = {isa = PBXBuildFile; fileRef = BF7639BB20B881DD00FBF18F /* BLSettingCell.m */; };
		BF7639BE20B881DD00FBF18F /* BLSettingCell.xib in Resources */ = {isa = PBXBuildFile; fileRef = BF7639BC20B881DD00FBF18F /* BLSettingCell.xib */; };
		BF7639C220B8831100FBF18F /* BLAboutVC.m in Sources */ = {isa = PBXBuildFile; fileRef = BF7639C020B8831100FBF18F /* BLAboutVC.m */; };
		BF7639C320B8831100FBF18F /* BLAboutVC.xib in Resources */ = {isa = PBXBuildFile; fileRef = BF7639C120B8831100FBF18F /* BLAboutVC.xib */; };
		BF7639CC20B8856D00FBF18F /* BLPhoneAlarmVC.m in Sources */ = {isa = PBXBuildFile; fileRef = BF7639CA20B8856D00FBF18F /* BLPhoneAlarmVC.m */; };
		BF7639CD20B8856D00FBF18F /* BLPhoneAlarmVC.xib in Resources */ = {isa = PBXBuildFile; fileRef = BF7639CB20B8856D00FBF18F /* BLPhoneAlarmVC.xib */; };
		BF7639D420B8CE0500FBF18F /* ZFMyDBHelper.m in Sources */ = {isa = PBXBuildFile; fileRef = BF7639D320B8CE0500FBF18F /* ZFMyDBHelper.m */; };
		BF7639D620B8D25E00FBF18F /* libsqlite3.0.tbd in Frameworks */ = {isa = PBXBuildFile; fileRef = BF7639D520B8D25E00FBF18F /* libsqlite3.0.tbd */; };
		BFAD987220BCD06800E50C4A /* LZPickerView.xib in Resources */ = {isa = PBXBuildFile; fileRef = BFAD986F20BCD06700E50C4A /* LZPickerView.xib */; };
		BFAD987320BCD06800E50C4A /* LZPickerView.m in Sources */ = {isa = PBXBuildFile; fileRef = BFAD987020BCD06700E50C4A /* LZPickerView.m */; };
		BFAD987620BCD4C400E50C4A /* ZFPickerView.m in Sources */ = {isa = PBXBuildFile; fileRef = BFAD987520BCD4C400E50C4A /* ZFPickerView.m */; };
/* End PBXBuildFile section */

/* Begin PBXFileReference section */
		00E995A56B5025C6E64A34B7 /* Pods-GSMSmoke.release.xcconfig */ = {isa = PBXFileReference; includeInIndex = 1; lastKnownFileType = text.xcconfig; name = "Pods-GSMSmoke.release.xcconfig"; path = "Pods/Target Support Files/Pods-GSMSmoke/Pods-GSMSmoke.release.xcconfig"; sourceTree = "<group>"; };
		0AE8029C302FD2905D68B2FE /* libPods-GSMSmoke.a */ = {isa = PBXFileReference; explicitFileType = archive.ar; includeInIndex = 0; path = "libPods-GSMSmoke.a"; sourceTree = BUILT_PRODUCTS_DIR; };
		B8357492170CCD569580CDD8 /* Pods-GSMSmoke.debug.xcconfig */ = {isa = PBXFileReference; includeInIndex = 1; lastKnownFileType = text.xcconfig; name = "Pods-GSMSmoke.debug.xcconfig"; path = "Pods/Target Support Files/Pods-GSMSmoke/Pods-GSMSmoke.debug.xcconfig"; sourceTree = "<group>"; };
		BF3ABE0720B64FE900413F65 /* GSMSmoke.app */ = {isa = PBXFileReference; explicitFileType = wrapper.application; includeInIndex = 0; path = GSMSmoke.app; sourceTree = BUILT_PRODUCTS_DIR; };
		BF3ABE0A20B64FE900413F65 /* AppDelegate.h */ = {isa = PBXFileReference; lastKnownFileType = sourcecode.c.h; path = AppDelegate.h; sourceTree = "<group>"; };
		BF3ABE0B20B64FE900413F65 /* AppDelegate.m */ = {isa = PBXFileReference; lastKnownFileType = sourcecode.c.objc; path = AppDelegate.m; sourceTree = "<group>"; };
		BF3ABE1120B64FE900413F65 /* Base */ = {isa = PBXFileReference; lastKnownFileType = file.storyboard; name = Base; path = Base.lproj/Main.storyboard; sourceTree = "<group>"; };
		BF3ABE1320B64FE900413F65 /* Assets.xcassets */ = {isa = PBXFileReference; lastKnownFileType = folder.assetcatalog; path = Assets.xcassets; sourceTree = "<group>"; };
		BF3ABE1620B64FE900413F65 /* Base */ = {isa = PBXFileReference; lastKnownFileType = file.storyboard; name = Base; path = Base.lproj/LaunchScreen.storyboard; sourceTree = "<group>"; };
		BF3ABE1820B64FE900413F65 /* Info.plist */ = {isa = PBXFileReference; lastKnownFileType = text.plist.xml; path = Info.plist; sourceTree = "<group>"; };
		BF3ABE1920B64FE900413F65 /* main.m */ = {isa = PBXFileReference; lastKnownFileType = sourcecode.c.objc; path = main.m; sourceTree = "<group>"; };
		BF4B303520BCCA530039C822 /* BLUtil.h */ = {isa = PBXFileReference; lastKnownFileType = sourcecode.c.h; path = BLUtil.h; sourceTree = "<group>"; };
		BF4B303620BCCA530039C822 /* BLUtil.m */ = {isa = PBXFileReference; lastKnownFileType = sourcecode.c.objc; path = BLUtil.m; sourceTree = "<group>"; };
		BF6266F720B766C800B4CB28 /* PrefixHeader.pch */ = {isa = PBXFileReference; lastKnownFileType = sourcecode.c.h; path = PrefixHeader.pch; sourceTree = "<group>"; };
		BF6266FC20B76AC800B4CB28 /* BLBaseVC.h */ = {isa = PBXFileReference; lastKnownFileType = sourcecode.c.h; path = BLBaseVC.h; sourceTree = "<group>"; };
		BF6266FD20B76AC800B4CB28 /* BLBaseVC.m */ = {isa = PBXFileReference; lastKnownFileType = sourcecode.c.objc; path = BLBaseVC.m; sourceTree = "<group>"; };
		BF6266FF20B76C4300B4CB28 /* BLHomeVC.h */ = {isa = PBXFileReference; lastKnownFileType = sourcecode.c.h; path = BLHomeVC.h; sourceTree = "<group>"; };
		BF62670020B76C4300B4CB28 /* BLHomeVC.m */ = {isa = PBXFileReference; lastKnownFileType = sourcecode.c.objc; path = BLHomeVC.m; sourceTree = "<group>"; };
		BF62671020B76E1700B4CB28 /* BLHomeCell.h */ = {isa = PBXFileReference; lastKnownFileType = sourcecode.c.h; path = BLHomeCell.h; sourceTree = "<group>"; };
		BF62671120B76E1700B4CB28 /* BLHomeCell.m */ = {isa = PBXFileReference; lastKnownFileType = sourcecode.c.objc; path = BLHomeCell.m; sourceTree = "<group>"; };
		BF62671220B76E1700B4CB28 /* BLHomeCell.xib */ = {isa = PBXFileReference; lastKnownFileType = file.xib; path = BLHomeCell.xib; sourceTree = "<group>"; };
		BF62671520B7711100B4CB28 /* BLAddUserVC.h */ = {isa = PBXFileReference; lastKnownFileType = sourcecode.c.h; path = BLAddUserVC.h; sourceTree = "<group>"; };
		BF62671620B7711100B4CB28 /* BLAddUserVC.m */ = {isa = PBXFileReference; lastKnownFileType = sourcecode.c.objc; path = BLAddUserVC.m; sourceTree = "<group>"; };
		BF62671720B7711100B4CB28 /* BLAddUserVC.xib */ = {isa = PBXFileReference; lastKnownFileType = file.xib; path = BLAddUserVC.xib; sourceTree = "<group>"; };
		BF62671A20B77D6600B4CB28 /* BLControlVC.h */ = {isa = PBXFileReference; lastKnownFileType = sourcecode.c.h; path = BLControlVC.h; sourceTree = "<group>"; };
		BF62671B20B77D6600B4CB28 /* BLControlVC.m */ = {isa = PBXFileReference; lastKnownFileType = sourcecode.c.objc; path = BLControlVC.m; sourceTree = "<group>"; };
		BF62671C20B77D6600B4CB28 /* BLControlVC.xib */ = {isa = PBXFileReference; lastKnownFileType = file.xib; path = BLControlVC.xib; sourceTree = "<group>"; };
		BF62671F20B77DEF00B4CB28 /* BLUserModel.h */ = {isa = PBXFileReference; lastKnownFileType = sourcecode.c.h; path = BLUserModel.h; sourceTree = "<group>"; };
		BF62672020B77DEF00B4CB28 /* BLUserModel.m */ = {isa = PBXFileReference; lastKnownFileType = sourcecode.c.objc; path = BLUserModel.m; sourceTree = "<group>"; };
		BF62672220B7858000B4CB28 /* BLSeacrhVC.h */ = {isa = PBXFileReference; lastKnownFileType = sourcecode.c.h; path = BLSeacrhVC.h; sourceTree = "<group>"; };
		BF62672320B7858000B4CB28 /* BLSeacrhVC.m */ = {isa = PBXFileReference; lastKnownFileType = sourcecode.c.objc; path = BLSeacrhVC.m; sourceTree = "<group>"; };
		BF62672420B7858000B4CB28 /* BLSeacrhVC.xib */ = {isa = PBXFileReference; lastKnownFileType = file.xib; path = BLSeacrhVC.xib; sourceTree = "<group>"; };
		BF62672720B7859E00B4CB28 /* BLSettingVC.h */ = {isa = PBXFileReference; lastKnownFileType = sourcecode.c.h; path = BLSettingVC.h; sourceTree = "<group>"; };
		BF62672820B7859E00B4CB28 /* BLSettingVC.m */ = {isa = PBXFileReference; lastKnownFileType = sourcecode.c.objc; path = BLSettingVC.m; sourceTree = "<group>"; };
		BF62672920B7859E00B4CB28 /* BLSettingVC.xib */ = {isa = PBXFileReference; lastKnownFileType = file.xib; path = BLSettingVC.xib; sourceTree = "<group>"; };
		BF62672C20B78B2F00B4CB28 /* BLSeachCell.h */ = {isa = PBXFileReference; lastKnownFileType = sourcecode.c.h; path = BLSeachCell.h; sourceTree = "<group>"; };
		BF62672D20B78B2F00B4CB28 /* BLSeachCell.m */ = {isa = PBXFileReference; lastKnownFileType = sourcecode.c.objc; path = BLSeachCell.m; sourceTree = "<group>"; };
		BF62672E20B78B2F00B4CB28 /* BLSeachCell.xib */ = {isa = PBXFileReference; lastKnownFileType = file.xib; path = BLSeachCell.xib; sourceTree = "<group>"; };
		BF7639A220B8717E00FBF18F /* BLSmsAlarmVC.h */ = {isa = PBXFileReference; lastKnownFileType = sourcecode.c.h; path = BLSmsAlarmVC.h; sourceTree = "<group>"; };
		BF7639A320B8717E00FBF18F /* BLSmsAlarmVC.m */ = {isa = PBXFileReference; lastKnownFileType = sourcecode.c.objc; path = BLSmsAlarmVC.m; sourceTree = "<group>"; };
		BF7639A420B8717E00FBF18F /* BLSmsAlarmVC.xib */ = {isa = PBXFileReference; lastKnownFileType = file.xib; path = BLSmsAlarmVC.xib; sourceTree = "<group>"; };
		BF7639AB20B879A400FBF18F /* BLSwitchVC.h */ = {isa = PBXFileReference; lastKnownFileType = sourcecode.c.h; path = BLSwitchVC.h; sourceTree = "<group>"; };
		BF7639AC20B879A400FBF18F /* BLSwitchVC.m */ = {isa = PBXFileReference; lastKnownFileType = sourcecode.c.objc; path = BLSwitchVC.m; sourceTree = "<group>"; };
		BF7639AD20B879A400FBF18F /* BLSwitchVC.xib */ = {isa = PBXFileReference; lastKnownFileType = file.xib; path = BLSwitchVC.xib; sourceTree = "<group>"; };
		BF7639B020B87CBD00FBF18F /* BLSwitchCell.h */ = {isa = PBXFileReference; lastKnownFileType = sourcecode.c.h; path = BLSwitchCell.h; sourceTree = "<group>"; };
		BF7639B120B87CBD00FBF18F /* BLSwitchCell.m */ = {isa = PBXFileReference; lastKnownFileType = sourcecode.c.objc; path = BLSwitchCell.m; sourceTree = "<group>"; };
		BF7639B220B87CBD00FBF18F /* BLSwitchCell.xib */ = {isa = PBXFileReference; lastKnownFileType = file.xib; path = BLSwitchCell.xib; sourceTree = "<group>"; };
		BF7639B520B87FB800FBF18F /* BLFunctionVC.h */ = {isa = PBXFileReference; lastKnownFileType = sourcecode.c.h; path = BLFunctionVC.h; sourceTree = "<group>"; };
		BF7639B620B87FB800FBF18F /* BLFunctionVC.m */ = {isa = PBXFileReference; lastKnownFileType = sourcecode.c.objc; path = BLFunctionVC.m; sourceTree = "<group>"; };
		BF7639B720B87FB800FBF18F /* BLFunctionVC.xib */ = {isa = PBXFileReference; lastKnownFileType = file.xib; path = BLFunctionVC.xib; sourceTree = "<group>"; };
		BF7639BA20B881DD00FBF18F /* BLSettingCell.h */ = {isa = PBXFileReference; lastKnownFileType = sourcecode.c.h; path = BLSettingCell.h; sourceTree = "<group>"; };
		BF7639BB20B881DD00FBF18F /* BLSettingCell.m */ = {isa = PBXFileReference; lastKnownFileType = sourcecode.c.objc; path = BLSettingCell.m; sourceTree = "<group>"; };
		BF7639BC20B881DD00FBF18F /* BLSettingCell.xib */ = {isa = PBXFileReference; lastKnownFileType = file.xib; path = BLSettingCell.xib; sourceTree = "<group>"; };
		BF7639BF20B8831100FBF18F /* BLAboutVC.h */ = {isa = PBXFileReference; lastKnownFileType = sourcecode.c.h; path = BLAboutVC.h; sourceTree = "<group>"; };
		BF7639C020B8831100FBF18F /* BLAboutVC.m */ = {isa = PBXFileReference; lastKnownFileType = sourcecode.c.objc; path = BLAboutVC.m; sourceTree = "<group>"; };
		BF7639C120B8831100FBF18F /* BLAboutVC.xib */ = {isa = PBXFileReference; lastKnownFileType = file.xib; path = BLAboutVC.xib; sourceTree = "<group>"; };
		BF7639C920B8856D00FBF18F /* BLPhoneAlarmVC.h */ = {isa = PBXFileReference; lastKnownFileType = sourcecode.c.h; path = BLPhoneAlarmVC.h; sourceTree = "<group>"; };
		BF7639CA20B8856D00FBF18F /* BLPhoneAlarmVC.m */ = {isa = PBXFileReference; lastKnownFileType = sourcecode.c.objc; path = BLPhoneAlarmVC.m; sourceTree = "<group>"; };
		BF7639CB20B8856D00FBF18F /* BLPhoneAlarmVC.xib */ = {isa = PBXFileReference; lastKnownFileType = file.xib; path = BLPhoneAlarmVC.xib; sourceTree = "<group>"; };
		BF7639D220B8CE0400FBF18F /* ZFMyDBHelper.h */ = {isa = PBXFileReference; fileEncoding = 4; lastKnownFileType = sourcecode.c.h; path = ZFMyDBHelper.h; sourceTree = "<group>"; };
		BF7639D320B8CE0500FBF18F /* ZFMyDBHelper.m */ = {isa = PBXFileReference; fileEncoding = 4; lastKnownFileType = sourcecode.c.objc; path = ZFMyDBHelper.m; sourceTree = "<group>"; };
		BF7639D520B8D25E00FBF18F /* libsqlite3.0.tbd */ = {isa = PBXFileReference; lastKnownFileType = "sourcecode.text-based-dylib-definition"; name = libsqlite3.0.tbd; path = usr/lib/libsqlite3.0.tbd; sourceTree = SDKROOT; };
		BFAD986F20BCD06700E50C4A /* LZPickerView.xib */ = {isa = PBXFileReference; fileEncoding = 4; lastKnownFileType = file.xib; path = LZPickerView.xib; sourceTree = "<group>"; };
		BFAD987020BCD06700E50C4A /* LZPickerView.m */ = {isa = PBXFileReference; fileEncoding = 4; lastKnownFileType = sourcecode.c.objc; path = LZPickerView.m; sourceTree = "<group>"; };
		BFAD987120BCD06800E50C4A /* LZPickerView.h */ = {isa = PBXFileReference; fileEncoding = 4; lastKnownFileType = sourcecode.c.h; path = LZPickerView.h; sourceTree = "<group>"; };
		BFAD987420BCD4C300E50C4A /* ZFPickerView.h */ = {isa = PBXFileReference; fileEncoding = 4; lastKnownFileType = sourcecode.c.h; path = ZFPickerView.h; sourceTree = "<group>"; };
		BFAD987520BCD4C400E50C4A /* ZFPickerView.m */ = {isa = PBXFileReference; fileEncoding = 4; lastKnownFileType = sourcecode.c.objc; path = ZFPickerView.m; sourceTree = "<group>"; };
/* End PBXFileReference section */

/* Begin PBXFrameworksBuildPhase section */
		BF3ABE0420B64FE900413F65 /* Frameworks */ = {
			isa = PBXFrameworksBuildPhase;
			buildActionMask = 2147483647;
			files = (
				BF7639D620B8D25E00FBF18F /* libsqlite3.0.tbd in Frameworks */,
				142D7BAB2B0D429901258103 /* libPods-GSMSmoke.a in Frameworks */,
			);
			runOnlyForDeploymentPostprocessing = 0;
		};
/* End PBXFrameworksBuildPhase section */

/* Begin PBXGroup section */
		95C99B4D4CC78F1A8C777FA4 /* Pods */ = {
			isa = PBXGroup;
			children = (
				B8357492170CCD569580CDD8 /* Pods-GSMSmoke.debug.xcconfig */,
				00E995A56B5025C6E64A34B7 /* Pods-GSMSmoke.release.xcconfig */,
			);
			name = Pods;
			sourceTree = "<group>";
		};
		BF3ABDFE20B64FE900413F65 = {
			isa = PBXGroup;
			children = (
				BF3ABE0920B64FE900413F65 /* GSMSmoke */,
				BF3ABE0820B64FE900413F65 /* Products */,
				95C99B4D4CC78F1A8C777FA4 /* Pods */,
				EECFF864CAE39C8795240925 /* Frameworks */,
			);
			sourceTree = "<group>";
		};
		BF3ABE0820B64FE900413F65 /* Products */ = {
			isa = PBXGroup;
			children = (
				BF3ABE0720B64FE900413F65 /* GSMSmoke.app */,
			);
			name = Products;
			sourceTree = "<group>";
		};
		BF3ABE0920B64FE900413F65 /* GSMSmoke */ = {
			isa = PBXGroup;
			children = (
				BF7639CE20B887CC00FBF18F /* Common */,
				BF6266FA20B7686500B4CB28 /* Rescore */,
				BF6266F820B7683800B4CB28 /* Category */,
				BF6266EE20B7669200B4CB28 /* Classes */,
				BF6266ED20B7669200B4CB28 /* Vender */,
				BF3ABE0A20B64FE900413F65 /* AppDelegate.h */,
				BF3ABE0B20B64FE900413F65 /* AppDelegate.m */,
				BF3ABE1020B64FE900413F65 /* Main.storyboard */,
				BF3ABE1320B64FE900413F65 /* Assets.xcassets */,
				BF3ABE1520B64FE900413F65 /* LaunchScreen.storyboard */,
				BF3ABE1820B64FE900413F65 /* Info.plist */,
				BF3ABE1920B64FE900413F65 /* main.m */,
				BF6266F720B766C800B4CB28 /* PrefixHeader.pch */,
			);
			path = GSMSmoke;
			sourceTree = "<group>";
		};
		BF6266ED20B7669200B4CB28 /* Vender */ = {
			isa = PBXGroup;
			children = (
			);
			path = Vender;
			sourceTree = "<group>";
		};
		BF6266EE20B7669200B4CB28 /* Classes */ = {
			isa = PBXGroup;
			children = (
				BF6266FB20B76A7300B4CB28 /* Base */,
				BF6266EF20B7669200B4CB28 /* Home */,
				BF62670820B76C8800B4CB28 /* Control */,
				BF62670420B76C8800B4CB28 /* CURD */,
				BF6266F320B7669200B4CB28 /* Main */,
			);
			path = Classes;
			sourceTree = "<group>";
		};
		BF6266EF20B7669200B4CB28 /* Home */ = {
			isa = PBXGroup;
			children = (
				BF6266F020B7669200B4CB28 /* Model */,
				BF6266F120B7669200B4CB28 /* View */,
				BF6266F220B7669200B4CB28 /* ViewController */,
			);
			path = Home;
			sourceTree = "<group>";
		};
		BF6266F020B7669200B4CB28 /* Model */ = {
			isa = PBXGroup;
			children = (
			);
			path = Model;
			sourceTree = "<group>";
		};
		BF6266F120B7669200B4CB28 /* View */ = {
			isa = PBXGroup;
			children = (
				BF62671020B76E1700B4CB28 /* BLHomeCell.h */,
				BF62671120B76E1700B4CB28 /* BLHomeCell.m */,
				BF62671220B76E1700B4CB28 /* BLHomeCell.xib */,
			);
			path = View;
			sourceTree = "<group>";
		};
		BF6266F220B7669200B4CB28 /* ViewController */ = {
			isa = PBXGroup;
			children = (
				BF6266FF20B76C4300B4CB28 /* BLHomeVC.h */,
				BF62670020B76C4300B4CB28 /* BLHomeVC.m */,
			);
			path = ViewController;
			sourceTree = "<group>";
		};
		BF6266F320B7669200B4CB28 /* Main */ = {
			isa = PBXGroup;
			children = (
				BF6266F420B7669200B4CB28 /* Model */,
				BF6266F520B7669200B4CB28 /* View */,
				BF6266F620B7669200B4CB28 /* ViewController */,
			);
			path = Main;
			sourceTree = "<group>";
		};
		BF6266F420B7669200B4CB28 /* Model */ = {
			isa = PBXGroup;
			children = (
			);
			path = Model;
			sourceTree = "<group>";
		};
		BF6266F520B7669200B4CB28 /* View */ = {
			isa = PBXGroup;
			children = (
			);
			path = View;
			sourceTree = "<group>";
		};
		BF6266F620B7669200B4CB28 /* ViewController */ = {
			isa = PBXGroup;
			children = (
			);
			path = ViewController;
			sourceTree = "<group>";
		};
		BF6266F820B7683800B4CB28 /* Category */ = {
			isa = PBXGroup;
			children = (
			);
			path = Category;
			sourceTree = "<group>";
		};
		BF6266FA20B7686500B4CB28 /* Rescore */ = {
			isa = PBXGroup;
			children = (
			);
			path = Rescore;
			sourceTree = "<group>";
		};
		BF6266FB20B76A7300B4CB28 /* Base */ = {
			isa = PBXGroup;
			children = (
				BF6266FC20B76AC800B4CB28 /* BLBaseVC.h */,
				BF6266FD20B76AC800B4CB28 /* BLBaseVC.m */,
			);
			path = Base;
			sourceTree = "<group>";
		};
		BF62670420B76C8800B4CB28 /* CURD */ = {
			isa = PBXGroup;
			children = (
				BF62670520B76C8800B4CB28 /* Model */,
				BF62670620B76C8800B4CB28 /* View */,
				BF62670720B76C8800B4CB28 /* ViewController */,
			);
			path = CURD;
			sourceTree = "<group>";
		};
		BF62670520B76C8800B4CB28 /* Model */ = {
			isa = PBXGroup;
			children = (
				BF62671F20B77DEF00B4CB28 /* BLUserModel.h */,
				BF62672020B77DEF00B4CB28 /* BLUserModel.m */,
			);
			path = Model;
			sourceTree = "<group>";
		};
		BF62670620B76C8800B4CB28 /* View */ = {
			isa = PBXGroup;
			children = (
			);
			path = View;
			sourceTree = "<group>";
		};
		BF62670720B76C8800B4CB28 /* ViewController */ = {
			isa = PBXGroup;
			children = (
				BF62671520B7711100B4CB28 /* BLAddUserVC.h */,
				BF62671620B7711100B4CB28 /* BLAddUserVC.m */,
				BF62671720B7711100B4CB28 /* BLAddUserVC.xib */,
			);
			path = ViewController;
			sourceTree = "<group>";
		};
		BF62670820B76C8800B4CB28 /* Control */ = {
			isa = PBXGroup;
			children = (
				BF62670920B76C8800B4CB28 /* Model */,
				BF62670A20B76C8800B4CB28 /* View */,
				BF62670B20B76C8800B4CB28 /* ViewController */,
			);
			path = Control;
			sourceTree = "<group>";
		};
		BF62670920B76C8800B4CB28 /* Model */ = {
			isa = PBXGroup;
			children = (
			);
			path = Model;
			sourceTree = "<group>";
		};
		BF62670A20B76C8800B4CB28 /* View */ = {
			isa = PBXGroup;
			children = (
				BF62672C20B78B2F00B4CB28 /* BLSeachCell.h */,
				BF62672D20B78B2F00B4CB28 /* BLSeachCell.m */,
				BF62672E20B78B2F00B4CB28 /* BLSeachCell.xib */,
				BF7639B020B87CBD00FBF18F /* BLSwitchCell.h */,
				BF7639B120B87CBD00FBF18F /* BLSwitchCell.m */,
				BF7639B220B87CBD00FBF18F /* BLSwitchCell.xib */,
				BF7639BA20B881DD00FBF18F /* BLSettingCell.h */,
				BF7639BB20B881DD00FBF18F /* BLSettingCell.m */,
				BF7639BC20B881DD00FBF18F /* BLSettingCell.xib */,
			);
			path = View;
			sourceTree = "<group>";
		};
		BF62670B20B76C8800B4CB28 /* ViewController */ = {
			isa = PBXGroup;
			children = (
				BF62671A20B77D6600B4CB28 /* BLControlVC.h */,
				BF62671B20B77D6600B4CB28 /* BLControlVC.m */,
				BF62671C20B77D6600B4CB28 /* BLControlVC.xib */,
				BF62672220B7858000B4CB28 /* BLSeacrhVC.h */,
				BF62672320B7858000B4CB28 /* BLSeacrhVC.m */,
				BF62672420B7858000B4CB28 /* BLSeacrhVC.xib */,
				BF62672720B7859E00B4CB28 /* BLSettingVC.h */,
				BF62672820B7859E00B4CB28 /* BLSettingVC.m */,
				BF62672920B7859E00B4CB28 /* BLSettingVC.xib */,
				BF7639A220B8717E00FBF18F /* BLSmsAlarmVC.h */,
				BF7639A320B8717E00FBF18F /* BLSmsAlarmVC.m */,
				BF7639A420B8717E00FBF18F /* BLSmsAlarmVC.xib */,
				BF7639AB20B879A400FBF18F /* BLSwitchVC.h */,
				BF7639AC20B879A400FBF18F /* BLSwitchVC.m */,
				BF7639AD20B879A400FBF18F /* BLSwitchVC.xib */,
				BF7639B520B87FB800FBF18F /* BLFunctionVC.h */,
				BF7639B620B87FB800FBF18F /* BLFunctionVC.m */,
				BF7639B720B87FB800FBF18F /* BLFunctionVC.xib */,
				BF7639BF20B8831100FBF18F /* BLAboutVC.h */,
				BF7639C020B8831100FBF18F /* BLAboutVC.m */,
				BF7639C120B8831100FBF18F /* BLAboutVC.xib */,
				BF7639C920B8856D00FBF18F /* BLPhoneAlarmVC.h */,
				BF7639CA20B8856D00FBF18F /* BLPhoneAlarmVC.m */,
				BF7639CB20B8856D00FBF18F /* BLPhoneAlarmVC.xib */,
			);
			path = ViewController;
			sourceTree = "<group>";
		};
		BF7639CE20B887CC00FBF18F /* Common */ = {
			isa = PBXGroup;
			children = (
				BF7639D220B8CE0400FBF18F /* ZFMyDBHelper.h */,
				BF7639D320B8CE0500FBF18F /* ZFMyDBHelper.m */,
				BF4B303520BCCA530039C822 /* BLUtil.h */,
				BF4B303620BCCA530039C822 /* BLUtil.m */,
				BFAD987120BCD06800E50C4A /* LZPickerView.h */,
				BFAD987020BCD06700E50C4A /* LZPickerView.m */,
				BFAD986F20BCD06700E50C4A /* LZPickerView.xib */,
				BFAD987420BCD4C300E50C4A /* ZFPickerView.h */,
				BFAD987520BCD4C400E50C4A /* ZFPickerView.m */,
			);
			path = Common;
			sourceTree = "<group>";
		};
		EECFF864CAE39C8795240925 /* Frameworks */ = {
			isa = PBXGroup;
			children = (
				BF7639D520B8D25E00FBF18F /* libsqlite3.0.tbd */,
				0AE8029C302FD2905D68B2FE /* libPods-GSMSmoke.a */,
			);
			name = Frameworks;
			sourceTree = "<group>";
		};
/* End PBXGroup section */

/* Begin PBXNativeTarget section */
		BF3ABE0620B64FE900413F65 /* GSMSmoke */ = {
			isa = PBXNativeTarget;
			buildConfigurationList = BF3ABE1D20B64FE900413F65 /* Build configuration list for PBXNativeTarget "GSMSmoke" */;
			buildPhases = (
				9DAB490BB9CC090CBF4DD3E3 /* [CP] Check Pods Manifest.lock */,
				BF3ABE0320B64FE900413F65 /* Sources */,
				BF3ABE0420B64FE900413F65 /* Frameworks */,
				BF3ABE0520B64FE900413F65 /* Resources */,
				EA665FD96E697995DF704E61 /* [CP] Copy Pods Resources */,
			);
			buildRules = (
			);
			dependencies = (
			);
			name = GSMSmoke;
			productName = GSMSmoke;
			productReference = BF3ABE0720B64FE900413F65 /* GSMSmoke.app */;
			productType = "com.apple.product-type.application";
		};
/* End PBXNativeTarget section */

/* Begin PBXProject section */
		BF3ABDFF20B64FE900413F65 /* Project object */ = {
			isa = PBXProject;
			attributes = {
				LastUpgradeCheck = 0920;
				ORGANIZATIONNAME = zhufeng;
				TargetAttributes = {
					BF3ABE0620B64FE900413F65 = {
						CreatedOnToolsVersion = 9.2;
						ProvisioningStyle = Automatic;
					};
				};
			};
			buildConfigurationList = BF3ABE0220B64FE900413F65 /* Build configuration list for PBXProject "GSMSmoke" */;
			compatibilityVersion = "Xcode 8.0";
			developmentRegion = en;
			hasScannedForEncodings = 0;
			knownRegions = (
				en,
				Base,
			);
			mainGroup = BF3ABDFE20B64FE900413F65;
			productRefGroup = BF3ABE0820B64FE900413F65 /* Products */;
			projectDirPath = "";
			projectRoot = "";
			targets = (
				BF3ABE0620B64FE900413F65 /* GSMSmoke */,
			);
		};
/* End PBXProject section */

/* Begin PBXResourcesBuildPhase section */
		BF3ABE0520B64FE900413F65 /* Resources */ = {
			isa = PBXResourcesBuildPhase;
			buildActionMask = 2147483647;
			files = (
				BF7639AF20B879A500FBF18F /* BLSwitchVC.xib in Resources */,
				BFAD987220BCD06800E50C4A /* LZPickerView.xib in Resources */,
				BF7639CD20B8856D00FBF18F /* BLPhoneAlarmVC.xib in Resources */,
				BF3ABE1720B64FE900413F65 /* LaunchScreen.storyboard in Resources */,
				BF62671420B76E1700B4CB28 /* BLHomeCell.xib in Resources */,
				BF62671920B7711100B4CB28 /* BLAddUserVC.xib in Resources */,
				BF7639BE20B881DD00FBF18F /* BLSettingCell.xib in Resources */,
				BF3ABE1420B64FE900413F65 /* Assets.xcassets in Resources */,
				BF7639B420B87CBD00FBF18F /* BLSwitchCell.xib in Resources */,
				BF62671E20B77D6600B4CB28 /* BLControlVC.xib in Resources */,
				BF62673020B78B2F00B4CB28 /* BLSeachCell.xib in Resources */,
				BF7639A620B8717E00FBF18F /* BLSmsAlarmVC.xib in Resources */,
				BF62672B20B7859E00B4CB28 /* BLSettingVC.xib in Resources */,
				BF7639B920B87FB800FBF18F /* BLFunctionVC.xib in Resources */,
				BF3ABE1220B64FE900413F65 /* Main.storyboard in Resources */,
				BF7639C320B8831100FBF18F /* BLAboutVC.xib in Resources */,
				BF62672620B7858000B4CB28 /* BLSeacrhVC.xib in Resources */,
			);
			runOnlyForDeploymentPostprocessing = 0;
		};
/* End PBXResourcesBuildPhase section */

/* Begin PBXShellScriptBuildPhase section */
		9DAB490BB9CC090CBF4DD3E3 /* [CP] Check Pods Manifest.lock */ = {
			isa = PBXShellScriptBuildPhase;
			buildActionMask = 2147483647;
			files = (
			);
			inputPaths = (
				"${PODS_PODFILE_DIR_PATH}/Podfile.lock",
				"${PODS_ROOT}/Manifest.lock",
			);
			name = "[CP] Check Pods Manifest.lock";
			outputPaths = (
				"$(DERIVED_FILE_DIR)/Pods-GSMSmoke-checkManifestLockResult.txt",
			);
			runOnlyForDeploymentPostprocessing = 0;
			shellPath = /bin/sh;
			shellScript = "diff \"${PODS_PODFILE_DIR_PATH}/Podfile.lock\" \"${PODS_ROOT}/Manifest.lock\" > /dev/null\nif [ $? != 0 ] ; then\n    # print error to STDERR\n    echo \"error: The sandbox is not in sync with the Podfile.lock. Run 'pod install' or update your CocoaPods installation.\" >&2\n    exit 1\nfi\n# This output is used by Xcode 'outputs' to avoid re-running this script phase.\necho \"SUCCESS\" > \"${SCRIPT_OUTPUT_FILE_0}\"\n";
			showEnvVarsInLog = 0;
		};
		EA665FD96E697995DF704E61 /* [CP] Copy Pods Resources */ = {
			isa = PBXShellScriptBuildPhase;
			buildActionMask = 2147483647;
			files = (
			);
			inputPaths = (
				"${SRCROOT}/Pods/Target Support Files/Pods-GSMSmoke/Pods-GSMSmoke-resources.sh",
				"${PODS_ROOT}/IQKeyboardManager/IQKeyboardManager/Resources/IQKeyboardManager.bundle",
				"${PODS_ROOT}/SVProgressHUD/SVProgressHUD/SVProgressHUD.bundle",
			);
			name = "[CP] Copy Pods Resources";
			outputPaths = (
				"${TARGET_BUILD_DIR}/${UNLOCALIZED_RESOURCES_FOLDER_PATH}/IQKeyboardManager.bundle",
				"${TARGET_BUILD_DIR}/${UNLOCALIZED_RESOURCES_FOLDER_PATH}/SVProgressHUD.bundle",
			);
			runOnlyForDeploymentPostprocessing = 0;
			shellPath = /bin/sh;
			shellScript = "\"${SRCROOT}/Pods/Target Support Files/Pods-GSMSmoke/Pods-GSMSmoke-resources.sh\"\n";
			showEnvVarsInLog = 0;
		};
/* End PBXShellScriptBuildPhase section */

/* Begin PBXSourcesBuildPhase section */
		BF3ABE0320B64FE900413F65 /* Sources */ = {
			isa = PBXSourcesBuildPhase;
			buildActionMask = 2147483647;
			files = (
				BF3ABE1A20B64FE900413F65 /* main.m in Sources */,
				BF7639B320B87CBD00FBF18F /* BLSwitchCell.m in Sources */,
				BF62670220B76C4300B4CB28 /* BLHomeVC.m in Sources */,
				BFAD987320BCD06800E50C4A /* LZPickerView.m in Sources */,
				BF7639AE20B879A500FBF18F /* BLSwitchVC.m in Sources */,
				BF7639BD20B881DD00FBF18F /* BLSettingCell.m in Sources */,
				BFAD987620BCD4C400E50C4A /* ZFPickerView.m in Sources */,
				BF3ABE0C20B64FE900413F65 /* AppDelegate.m in Sources */,
				BF7639C220B8831100FBF18F /* BLAboutVC.m in Sources */,
				BF62671320B76E1700B4CB28 /* BLHomeCell.m in Sources */,
				BF7639B820B87FB800FBF18F /* BLFunctionVC.m in Sources */,
				BF6266FE20B76AC800B4CB28 /* BLBaseVC.m in Sources */,
				BF62672F20B78B2F00B4CB28 /* BLSeachCell.m in Sources */,
				BF62671820B7711100B4CB28 /* BLAddUserVC.m in Sources */,
				BF62672120B77DEF00B4CB28 /* BLUserModel.m in Sources */,
				BF7639D420B8CE0500FBF18F /* ZFMyDBHelper.m in Sources */,
				BF7639CC20B8856D00FBF18F /* BLPhoneAlarmVC.m in Sources */,
				BF4B303720BCCA530039C822 /* BLUtil.m in Sources */,
				BF7639A520B8717E00FBF18F /* BLSmsAlarmVC.m in Sources */,
				BF62671D20B77D6600B4CB28 /* BLControlVC.m in Sources */,
				BF62672520B7858000B4CB28 /* BLSeacrhVC.m in Sources */,
				BF62672A20B7859E00B4CB28 /* BLSettingVC.m in Sources */,
			);
			runOnlyForDeploymentPostprocessing = 0;
		};
/* End PBXSourcesBuildPhase section */

/* Begin PBXVariantGroup section */
		BF3ABE1020B64FE900413F65 /* Main.storyboard */ = {
			isa = PBXVariantGroup;
			children = (
				BF3ABE1120B64FE900413F65 /* Base */,
			);
			name = Main.storyboard;
			sourceTree = "<group>";
		};
		BF3ABE1520B64FE900413F65 /* LaunchScreen.storyboard */ = {
			isa = PBXVariantGroup;
			children = (
				BF3ABE1620B64FE900413F65 /* Base */,
			);
			name = LaunchScreen.storyboard;
			sourceTree = "<group>";
		};
/* End PBXVariantGroup section */

/* Begin XCBuildConfiguration section */
		BF3ABE1B20B64FE900413F65 /* Debug */ = {
			isa = XCBuildConfiguration;
			buildSettings = {
				ALWAYS_SEARCH_USER_PATHS = NO;
				CLANG_ANALYZER_NONNULL = YES;
				CLANG_ANALYZER_NUMBER_OBJECT_CONVERSION = YES_AGGRESSIVE;
				CLANG_CXX_LANGUAGE_STANDARD = "gnu++14";
				CLANG_CXX_LIBRARY = "libc++";
				CLANG_ENABLE_MODULES = YES;
				CLANG_ENABLE_OBJC_ARC = YES;
				CLANG_WARN_BLOCK_CAPTURE_AUTORELEASING = YES;
				CLANG_WARN_BOOL_CONVERSION = YES;
				CLANG_WARN_COMMA = YES;
				CLANG_WARN_CONSTANT_CONVERSION = YES;
				CLANG_WARN_DIRECT_OBJC_ISA_USAGE = YES_ERROR;
				CLANG_WARN_DOCUMENTATION_COMMENTS = YES;
				CLANG_WARN_EMPTY_BODY = YES;
				CLANG_WARN_ENUM_CONVERSION = YES;
				CLANG_WARN_INFINITE_RECURSION = YES;
				CLANG_WARN_INT_CONVERSION = YES;
				CLANG_WARN_NON_LITERAL_NULL_CONVERSION = YES;
				CLANG_WARN_OBJC_LITERAL_CONVERSION = YES;
				CLANG_WARN_OBJC_ROOT_CLASS = YES_ERROR;
				CLANG_WARN_RANGE_LOOP_ANALYSIS = YES;
				CLANG_WARN_STRICT_PROTOTYPES = YES;
				CLANG_WARN_SUSPICIOUS_MOVE = YES;
				CLANG_WARN_UNGUARDED_AVAILABILITY = YES_AGGRESSIVE;
				CLANG_WARN_UNREACHABLE_CODE = YES;
				CLANG_WARN__DUPLICATE_METHOD_MATCH = YES;
				CODE_SIGN_IDENTITY = "iPhone Developer";
				COPY_PHASE_STRIP = NO;
				DEBUG_INFORMATION_FORMAT = dwarf;
				ENABLE_STRICT_OBJC_MSGSEND = YES;
				ENABLE_TESTABILITY = YES;
				GCC_C_LANGUAGE_STANDARD = gnu11;
				GCC_DYNAMIC_NO_PIC = NO;
				GCC_NO_COMMON_BLOCKS = YES;
				GCC_OPTIMIZATION_LEVEL = 0;
				GCC_PREFIX_HEADER = "$(SRCROOT)/GSMSmoke/PrefixHeader.pch";
				GCC_PREPROCESSOR_DEFINITIONS = (
					"DEBUG=1",
					"$(inherited)",
				);
				GCC_WARN_64_TO_32_BIT_CONVERSION = YES;
				GCC_WARN_ABOUT_RETURN_TYPE = YES_ERROR;
				GCC_WARN_UNDECLARED_SELECTOR = YES;
				GCC_WARN_UNINITIALIZED_AUTOS = YES_AGGRESSIVE;
				GCC_WARN_UNUSED_FUNCTION = YES;
				GCC_WARN_UNUSED_VARIABLE = YES;
				IPHONEOS_DEPLOYMENT_TARGET = 11.2;
				MTL_ENABLE_DEBUG_INFO = YES;
				ONLY_ACTIVE_ARCH = YES;
				SDKROOT = iphoneos;
			};
			name = Debug;
		};
		BF3ABE1C20B64FE900413F65 /* Release */ = {
			isa = XCBuildConfiguration;
			buildSettings = {
				ALWAYS_SEARCH_USER_PATHS = NO;
				CLANG_ANALYZER_NONNULL = YES;
				CLANG_ANALYZER_NUMBER_OBJECT_CONVERSION = YES_AGGRESSIVE;
				CLANG_CXX_LANGUAGE_STANDARD = "gnu++14";
				CLANG_CXX_LIBRARY = "libc++";
				CLANG_ENABLE_MODULES = YES;
				CLANG_ENABLE_OBJC_ARC = YES;
				CLANG_WARN_BLOCK_CAPTURE_AUTORELEASING = YES;
				CLANG_WARN_BOOL_CONVERSION = YES;
				CLANG_WARN_COMMA = YES;
				CLANG_WARN_CONSTANT_CONVERSION = YES;
				CLANG_WARN_DIRECT_OBJC_ISA_USAGE = YES_ERROR;
				CLANG_WARN_DOCUMENTATION_COMMENTS = YES;
				CLANG_WARN_EMPTY_BODY = YES;
				CLANG_WARN_ENUM_CONVERSION = YES;
				CLANG_WARN_INFINITE_RECURSION = YES;
				CLANG_WARN_INT_CONVERSION = YES;
				CLANG_WARN_NON_LITERAL_NULL_CONVERSION = YES;
				CLANG_WARN_OBJC_LITERAL_CONVERSION = YES;
				CLANG_WARN_OBJC_ROOT_CLASS = YES_ERROR;
				CLANG_WARN_RANGE_LOOP_ANALYSIS = YES;
				CLANG_WARN_STRICT_PROTOTYPES = YES;
				CLANG_WARN_SUSPICIOUS_MOVE = YES;
				CLANG_WARN_UNGUARDED_AVAILABILITY = YES_AGGRESSIVE;
				CLANG_WARN_UNREACHABLE_CODE = YES;
				CLANG_WARN__DUPLICATE_METHOD_MATCH = YES;
				CODE_SIGN_IDENTITY = "iPhone Developer";
				COPY_PHASE_STRIP = NO;
				DEBUG_INFORMATION_FORMAT = "dwarf-with-dsym";
				ENABLE_NS_ASSERTIONS = NO;
				ENABLE_STRICT_OBJC_MSGSEND = YES;
				GCC_C_LANGUAGE_STANDARD = gnu11;
				GCC_NO_COMMON_BLOCKS = YES;
				GCC_PREFIX_HEADER = "$(SRCROOT)/GSMSmoke/PrefixHeader.pch";
				GCC_WARN_64_TO_32_BIT_CONVERSION = YES;
				GCC_WARN_ABOUT_RETURN_TYPE = YES_ERROR;
				GCC_WARN_UNDECLARED_SELECTOR = YES;
				GCC_WARN_UNINITIALIZED_AUTOS = YES_AGGRESSIVE;
				GCC_WARN_UNUSED_FUNCTION = YES;
				GCC_WARN_UNUSED_VARIABLE = YES;
				IPHONEOS_DEPLOYMENT_TARGET = 11.2;
				MTL_ENABLE_DEBUG_INFO = NO;
				SDKROOT = iphoneos;
				VALIDATE_PRODUCT = YES;
			};
			name = Release;
		};
		BF3ABE1E20B64FE900413F65 /* Debug */ = {
			isa = XCBuildConfiguration;
			baseConfigurationReference = B8357492170CCD569580CDD8 /* Pods-GSMSmoke.debug.xcconfig */;
			buildSettings = {
				ASSETCATALOG_COMPILER_APPICON_NAME = AppIcon;
				CODE_SIGN_STYLE = Automatic;
				DEVELOPMENT_TEAM = 3R48RV923F;
				GCC_PREFIX_HEADER = "$(SRCROOT)/GSMSmoke/PrefixHeader.pch";
				INFOPLIST_FILE = GSMSmoke/Info.plist;
				IPHONEOS_DEPLOYMENT_TARGET = 9.0;
				LD_RUNPATH_SEARCH_PATHS = "$(inherited) @executable_path/Frameworks";
				PRODUCT_BUNDLE_IDENTIFIER = com.bailing.GSMSmoke;
				PRODUCT_NAME = "$(TARGET_NAME)";
				TARGETED_DEVICE_FAMILY = "1,2";
			};
			name = Debug;
		};
		BF3ABE1F20B64FE900413F65 /* Release */ = {
			isa = XCBuildConfiguration;
			baseConfigurationReference = 00E995A56B5025C6E64A34B7 /* Pods-GSMSmoke.release.xcconfig */;
			buildSettings = {
				ASSETCATALOG_COMPILER_APPICON_NAME = AppIcon;
				CODE_SIGN_STYLE = Automatic;
				DEVELOPMENT_TEAM = 3R48RV923F;
				GCC_PREFIX_HEADER = "$(SRCROOT)/GSMSmoke/PrefixHeader.pch";
				INFOPLIST_FILE = GSMSmoke/Info.plist;
				IPHONEOS_DEPLOYMENT_TARGET = 9.0;
				LD_RUNPATH_SEARCH_PATHS = "$(inherited) @executable_path/Frameworks";
				PRODUCT_BUNDLE_IDENTIFIER = com.bailing.GSMSmoke;
				PRODUCT_NAME = "$(TARGET_NAME)";
				TARGETED_DEVICE_FAMILY = "1,2";
			};
			name = Release;
		};
/* End XCBuildConfiguration section */

/* Begin XCConfigurationList section */
		BF3ABE0220B64FE900413F65 /* Build configuration list for PBXProject "GSMSmoke" */ = {
			isa = XCConfigurationList;
			buildConfigurations = (
				BF3ABE1B20B64FE900413F65 /* Debug */,
				BF3ABE1C20B64FE900413F65 /* Release */,
			);
			defaultConfigurationIsVisible = 0;
			defaultConfigurationName = Release;
		};
		BF3ABE1D20B64FE900413F65 /* Build configuration list for PBXNativeTarget "GSMSmoke" */ = {
			isa = XCConfigurationList;
			buildConfigurations = (
				BF3ABE1E20B64FE900413F65 /* Debug */,
				BF3ABE1F20B64FE900413F65 /* Release */,
			);
			defaultConfigurationIsVisible = 0;
			defaultConfigurationName = Release;
		};
/* End XCConfigurationList section */
	};
	rootObject = BF3ABDFF20B64FE900413F65 /* Project object */;
}
